// !$*UTF8*$!
{
	archiveVersion = 1;
	classes = {
	};
	objectVersion = 50;
	objects = {

/* Begin PBXBuildFile section */
		EC92EA8E24343B5E0003D3C1 /* AppDelegate.swift in Sources */ = {isa = PBXBuildFile; fileRef = EC92EA8D24343B5E0003D3C1 /* AppDelegate.swift */; };
		EC92EA9024343B5E0003D3C1 /* SceneDelegate.swift in Sources */ = {isa = PBXBuildFile; fileRef = EC92EA8F24343B5E0003D3C1 /* SceneDelegate.swift */; };
		EC92EA9224343B5E0003D3C1 /* ViewController.swift in Sources */ = {isa = PBXBuildFile; fileRef = EC92EA9124343B5E0003D3C1 /* ViewController.swift */; };
		EC92EA9524343B5E0003D3C1 /* Main.storyboard in Resources */ = {isa = PBXBuildFile; fileRef = EC92EA9324343B5E0003D3C1 /* Main.storyboard */; };
		EC92EA9724343B5F0003D3C1 /* Assets.xcassets in Resources */ = {isa = PBXBuildFile; fileRef = EC92EA9624343B5F0003D3C1 /* Assets.xcassets */; };
		EC92EA9A24343B5F0003D3C1 /* LaunchScreen.storyboard in Resources */ = {isa = PBXBuildFile; fileRef = EC92EA9824343B5F0003D3C1 /* LaunchScreen.storyboard */; };
		EC92EAA4243442120003D3C1 /* ViewController3.swift in Sources */ = {isa = PBXBuildFile; fileRef = EC92EAA3243442120003D3C1 /* ViewController3.swift */; };
		EC92EAA624344B0D0003D3C1 /* ViewController2.swift in Sources */ = {isa = PBXBuildFile; fileRef = EC92EAA524344B0D0003D3C1 /* ViewController2.swift */; };
/* End PBXBuildFile section */

/* Begin PBXFileReference section */
		EC92EA8A24343B5E0003D3C1 /* Swift5TableView1.app */ = {isa = PBXFileReference; explicitFileType = wrapper.application; includeInIndex = 0; path = Swift5TableView1.app; sourceTree = BUILT_PRODUCTS_DIR; };
		EC92EA8D24343B5E0003D3C1 /* AppDelegate.swift */ = {isa = PBXFileReference; lastKnownFileType = sourcecode.swift; path = AppDelegate.swift; sourceTree = "<group>"; };
		EC92EA8F24343B5E0003D3C1 /* SceneDelegate.swift */ = {isa = PBXFileReference; lastKnownFileType = sourcecode.swift; path = SceneDelegate.swift; sourceTree = "<group>"; };
		EC92EA9124343B5E0003D3C1 /* ViewController.swift */ = {isa = PBXFileReference; lastKnownFileType = sourcecode.swift; path = ViewController.swift; sourceTree = "<group>"; };
		EC92EA9424343B5E0003D3C1 /* Base */ = {isa = PBXFileReference; lastKnownFileType = file.storyboard; name = Base; path = Base.lproj/Main.storyboard; sourceTree = "<group>"; };
		EC92EA9624343B5F0003D3C1 /* Assets.xcassets */ = {isa = PBXFileReference; lastKnownFileType = folder.assetcatalog; path = Assets.xcassets; sourceTree = "<group>"; };
		EC92EA9924343B5F0003D3C1 /* Base */ = {isa = PBXFileReference; lastKnownFileType = file.storyboard; name = Base; path = Base.lproj/LaunchScreen.storyboard; sourceTree = "<group>"; };
		EC92EA9B24343B5F0003D3C1 /* Info.plist */ = {isa = PBXFileReference; lastKnownFileType = text.plist.xml; path = Info.plist; sourceTree = "<group>"; };
		EC92EAA3243442120003D3C1 /* ViewController3.swift */ = {isa = PBXFileReference; lastKnownFileType = sourcecode.swift; path = ViewController3.swift; sourceTree = "<group>"; };
		EC92EAA524344B0D0003D3C1 /* ViewController2.swift */ = {isa = PBXFileReference; lastKnownFileType = sourcecode.swift; path = ViewController2.swift; sourceTree = "<group>"; };
/* End PBXFileReference section */

/* Begin PBXFrameworksBuildPhase section */
		EC92EA8724343B5E0003D3C1 /* Frameworks */ = {
			isa = PBXFrameworksBuildPhase;
			buildActionMask = 2147483647;
			files = (
			);
			runOnlyForDeploymentPostprocessing = 0;
		};
/* End PBXFrameworksBuildPhase section */

/* Begin PBXGroup section */
		EC92EA8124343B5E0003D3C1 = {
			isa = PBXGroup;
			children = (
				EC92EA8C24343B5E0003D3C1 /* Swift5TableView1 */,
				EC92EA8B24343B5E0003D3C1 /* Products */,
			);
			sourceTree = "<group>";
		};
		EC92EA8B24343B5E0003D3C1 /* Products */ = {
			isa = PBXGroup;
			children = (
				EC92EA8A24343B5E0003D3C1 /* Swift5TableView1.app */,
			);
			name = Products;
			sourceTree = "<group>";
		};
		EC92EA8C24343B5E0003D3C1 /* Swift5TableView1 */ = {
			isa = PBXGroup;
			children = (
				EC92EA8D24343B5E0003D3C1 /* AppDelegate.swift */,
				EC92EA8F24343B5E0003D3C1 /* SceneDelegate.swift */,
				EC92EA9124343B5E0003D3C1 /* ViewController.swift */,
				EC92EAA524344B0D0003D3C1 /* ViewController2.swift */,
				EC92EAA3243442120003D3C1 /* ViewController3.swift */,
				EC92EA9324343B5E0003D3C1 /* Main.storyboard */,
				EC92EA9624343B5F0003D3C1 /* Assets.xcassets */,
				EC92EA9824343B5F0003D3C1 /* LaunchScreen.storyboard */,
				EC92EA9B24343B5F0003D3C1 /* Info.plist */,
			);
			path = Swift5TableView1;
			sourceTree = "<group>";
		};
/* End PBXGroup section */

/* Begin PBXNativeTarget section */
		EC92EA8924343B5E0003D3C1 /* Swift5TableView1 */ = {
			isa = PBXNativeTarget;
			buildConfigurationList = EC92EA9E24343B5F0003D3C1 /* Build configuration list for PBXNativeTarget "Swift5TableView1" */;
			buildPhases = (
				EC92EA8624343B5E0003D3C1 /* Sources */,
				EC92EA8724343B5E0003D3C1 /* Frameworks */,
				EC92EA8824343B5E0003D3C1 /* Resources */,
			);
			buildRules = (
			);
			dependencies = (
			);
			name = Swift5TableView1;
			productName = Swift5TableView1;
			productReference = EC92EA8A24343B5E0003D3C1 /* Swift5TableView1.app */;
			productType = "com.apple.product-type.application";
		};
/* End PBXNativeTarget section */

/* Begin PBXProject section */
		EC92EA8224343B5E0003D3C1 /* Project object */ = {
			isa = PBXProject;
			attributes = {
				LastSwiftUpdateCheck = 1140;
				LastUpgradeCheck = 1140;
				ORGANIZATIONNAME = EMoshU;
				TargetAttributes = {
					EC92EA8924343B5E0003D3C1 = {
						CreatedOnToolsVersion = 11.4;
					};
				};
			};
			buildConfigurationList = EC92EA8524343B5E0003D3C1 /* Build configuration list for PBXProject "Swift5TableView1" */;
			compatibilityVersion = "Xcode 9.3";
			developmentRegion = en;
			hasScannedForEncodings = 0;
			knownRegions = (
				en,
				Base,
			);
			mainGroup = EC92EA8124343B5E0003D3C1;
			productRefGroup = EC92EA8B24343B5E0003D3C1 /* Products */;
			projectDirPath = "";
			projectRoot = "";
			targets = (
				EC92EA8924343B5E0003D3C1 /* Swift5TableView1 */,
			);
		};
/* End PBXProject section */

/* Begin PBXResourcesBuildPhase section */
		EC92EA8824343B5E0003D3C1 /* Resources */ = {
			isa = PBXResourcesBuildPhase;
			buildActionMask = 2147483647;
			files = (
				EC92EA9A24343B5F0003D3C1 /* LaunchScreen.storyboard in Resources */,
				EC92EA9724343B5F0003D3C1 /* Assets.xcassets in Resources */,
				EC92EA9524343B5E0003D3C1 /* Main.storyboard in Resources */,
			);
			runOnlyForDeploymentPostprocessing = 0;
		};
/* End PBXResourcesBuildPhase section */

/* Begin PBXSourcesBuildPhase section */
		EC92EA8624343B5E0003D3C1 /* Sources */ = {
			isa = PBXSourcesBuildPhase;
			buildActionMask = 2147483647;
			files = (
				EC92EAA624344B0D0003D3C1 /* ViewController2.swift in Sources */,
				EC92EAA4243442120003D3C1 /* ViewController3.swift in Sources */,
				EC92EA9224343B5E0003D3C1 /* ViewController.swift in Sources */,
				EC92EA8E24343B5E0003D3C1 /* AppDelegate.swift in Sources */,
				EC92EA9024343B5E0003D3C1 /* SceneDelegate.swift in Sources */,
			);
			runOnlyForDeploymentPostprocessing = 0;
		};
/* End PBXSourcesBuildPhase section */

/* Begin PBXVariantGroup section */
		EC92EA9324343B5E0003D3C1 /* Main.storyboard */ = {
			isa = PBXVariantGroup;
			children = (
				EC92EA9424343B5E0003D3C1 /* Base */,
			);
			name = Main.storyboard;
			sourceTree = "<group>";
		};
		EC92EA9824343B5F0003D3C1 /* LaunchScreen.storyboard */ = {
			isa = PBXVariantGroup;
			children = (
				EC92EA9924343B5F0003D3C1 /* Base */,
			);
			name = LaunchScreen.storyboard;
			sourceTree = "<group>";
		};
/* End PBXVariantGroup section */

/* Begin XCBuildConfiguration section */
		EC92EA9C24343B5F0003D3C1 /* Debug */ = {
			isa = XCBuildConfiguration;
			buildSettings = {
				ALWAYS_SEARCH_USER_PATHS = NO;
				CLANG_ANALYZER_NONNULL = YES;
				CLANG_ANALYZER_NUMBER_OBJECT_CONVERSION = YES_AGGRESSIVE;
				CLANG_CXX_LANGUAGE_STANDARD = "gnu++14";
				CLANG_CXX_LIBRARY = "libc++";
				CLANG_ENABLE_MODULES = YES;
				CLANG_ENABLE_OBJC_ARC = YES;
				CLANG_ENABLE_OBJC_WEAK = YES;
				CLANG_WARN_BLOCK_CAPTURE_AUTORELEASING = YES;
				CLANG_WARN_BOOL_CONVERSION = YES;
				CLANG_WARN_COMMA = YES;
				CLANG_WARN_CONSTANT_CONVERSION = YES;
				CLANG_WARN_DEPRECATED_OBJC_IMPLEMENTATIONS = YES;
				CLANG_WARN_DIRECT_OBJC_ISA_USAGE = YES_ERROR;
				CLANG_WARN_DOCUMENTATION_COMMENTS = YES;
				CLANG_WARN_EMPTY_BODY = YES;
				CLANG_WARN_ENUM_CONVERSION = YES;
				CLANG_WARN_INFINITE_RECURSION = YES;
				CLANG_WARN_INT_CONVERSION = YES;
				CLANG_WARN_NON_LITERAL_NULL_CONVERSION = YES;
				CLANG_WARN_OBJC_IMPLICIT_RETAIN_SELF = YES;
				CLANG_WARN_OBJC_LITERAL_CONVERSION = YES;
				CLANG_WARN_OBJC_ROOT_CLASS = YES_ERROR;
				CLANG_WARN_RANGE_LOOP_ANALYSIS = YES;
				CLANG_WARN_STRICT_PROTOTYPES = YES;
				CLANG_WARN_SUSPICIOUS_MOVE = YES;
				CLANG_WARN_UNGUARDED_AVAILABILITY = YES_AGGRESSIVE;
				CLANG_WARN_UNREACHABLE_CODE = YES;
				CLANG_WARN__DUPLICATE_METHOD_MATCH = YES;
				COPY_PHASE_STRIP = NO;
				DEBUG_INFORMATION_FORMAT = dwarf;
				ENABLE_STRICT_OBJC_MSGSEND = YES;
				ENABLE_TESTABILITY = YES;
				GCC_C_LANGUAGE_STANDARD = gnu11;
				GCC_DYNAMIC_NO_PIC = NO;
				GCC_NO_COMMON_BLOCKS = YES;
				GCC_OPTIMIZATION_LEVEL = 0;
				GCC_PREPROCESSOR_DEFINITIONS = (
					"DEBUG=1",
					"$(inherited)",
				);
				GCC_WARN_64_TO_32_BIT_CONVERSION = YES;
				GCC_WARN_ABOUT_RETURN_TYPE = YES_ERROR;
				GCC_WARN_UNDECLARED_SELECTOR = YES;
				GCC_WARN_UNINITIALIZED_AUTOS = YES_AGGRESSIVE;
				GCC_WARN_UNUSED_FUNCTION = YES;
				GCC_WARN_UNUSED_VARIABLE = YES;
				IPHONEOS_DEPLOYMENT_TARGET = 13.4;
				MTL_ENABLE_DEBUG_INFO = INCLUDE_SOURCE;
				MTL_FAST_MATH = YES;
				ONLY_ACTIVE_ARCH = YES;
				SDKROOT = iphoneos;
				SWIFT_ACTIVE_COMPILATION_CONDITIONS = DEBUG;
				SWIFT_OPTIMIZATION_LEVEL = "-Onone";
			};
			name = Debug;
		};
		EC92EA9D24343B5F0003D3C1 /* Release */ = {
			isa = XCBuildConfiguration;
			buildSettings = {
				ALWAYS_SEARCH_USER_PATHS = NO;
				CLANG_ANALYZER_NONNULL = YES;
				CLANG_ANALYZER_NUMBER_OBJECT_CONVERSION = YES_AGGRESSIVE;
				CLANG_CXX_LANGUAGE_STANDARD = "gnu++14";
				CLANG_CXX_LIBRARY = "libc++";
				CLANG_ENABLE_MODULES = YES;
				CLANG_ENABLE_OBJC_ARC = YES;
				CLANG_ENABLE_OBJC_WEAK = YES;
				CLANG_WARN_BLOCK_CAPTURE_AUTORELEASING = YES;
				CLANG_WARN_BOOL_CONVERSION = YES;
				CLANG_WARN_COMMA = YES;
				CLANG_WARN_CONSTANT_CONVERSION = YES;
				CLANG_WARN_DEPRECATED_OBJC_IMPLEMENTATIONS = YES;
				CLANG_WARN_DIRECT_OBJC_ISA_USAGE = YES_ERROR;
				CLANG_WARN_DOCUMENTATION_COMMENTS = YES;
				CLANG_WARN_EMPTY_BODY = YES;
				CLANG_WARN_ENUM_CONVERSION = YES;
				CLANG_WARN_INFINITE_RECURSION = YES;
				CLANG_WARN_INT_CONVERSION = YES;
				CLANG_WARN_NON_LITERAL_NULL_CONVERSION = YES;
				CLANG_WARN_OBJC_IMPLICIT_RETAIN_SELF = YES;
				CLANG_WARN_OBJC_LITERAL_CONVERSION = YES;
				CLANG_WARN_OBJC_ROOT_CLASS = YES_ERROR;
				CLANG_WARN_RANGE_LOOP_ANALYSIS = YES;
				CLANG_WARN_STRICT_PROTOTYPES = YES;
				CLANG_WARN_SUSPICIOUS_MOVE = YES;
				CLANG_WARN_UNGUARDED_AVAILABILITY = YES_AGGRESSIVE;
				CLANG_WARN_UNREACHABLE_CODE = YES;
				CLANG_WARN__DUPLICATE_METHOD_MATCH = YES;
				COPY_PHASE_STRIP = NO;
				DEBUG_INFORMATION_FORMAT = "dwarf-with-dsym";
				ENABLE_NS_ASSERTIONS = NO;
				ENABLE_STRICT_OBJC_MSGSEND = YES;
				GCC_C_LANGUAGE_STANDARD = gnu11;
				GCC_NO_COMMON_BLOCKS = YES;
				GCC_WARN_64_TO_32_BIT_CONVERSION = YES;
				GCC_WARN_ABOUT_RETURN_TYPE = YES_ERROR;
				GCC_WARN_UNDECLARED_SELECTOR = YES;
				GCC_WARN_UNINITIALIZED_AUTOS = YES_AGGRESSIVE;
				GCC_WARN_UNUSED_FUNCTION = YES;
				GCC_WARN_UNUSED_VARIABLE = YES;
				IPHONEOS_DEPLOYMENT_TARGET = 13.4;
				MTL_ENABLE_DEBUG_INFO = NO;
				MTL_FAST_MATH = YES;
				SDKROOT = iphoneos;
				SWIFT_COMPILATION_MODE = wholemodule;
				SWIFT_OPTIMIZATION_LEVEL = "-O";
				VALIDATE_PRODUCT = YES;
			};
			name = Release;
		};
		EC92EA9F24343B5F0003D3C1 /* Debug */ = {
			isa = XCBuildConfiguration;
			buildSettings = {
				ASSETCATALOG_COMPILER_APPICON_NAME = AppIcon;
				CODE_SIGN_STYLE = Automatic;
				DEVELOPMENT_TEAM = FT547WF4CQ;
				INFOPLIST_FILE = Swift5TableView1/Info.plist;
				IPHONEOS_DEPLOYMENT_TARGET = 13.0;
				LD_RUNPATH_SEARCH_PATHS = (
					"$(inherited)",
					"@executable_path/Frameworks",
				);
				PRODUCT_BUNDLE_IDENTIFIER = com.ryogo.Swift5TableView1;
				PRODUCT_NAME = "$(TARGET_NAME)";
				SWIFT_VERSION = 5.0;
				TARGETED_DEVICE_FAMILY = 1;
			};
			name = Debug;
		};
		EC92EAA024343B5F0003D3C1 /* Release */ = {
			isa = XCBuildConfiguration;
			buildSettings = {
				ASSETCATALOG_COMPILER_APPICON_NAME = AppIcon;
				CODE_SIGN_STYLE = Automatic;
				DEVELOPMENT_TEAM = FT547WF4CQ;
				INFOPLIST_FILE = Swift5TableView1/Info.plist;
				IPHONEOS_DEPLOYMENT_TARGET = 13.0;
				LD_RUNPATH_SEARCH_PATHS = (
					"$(inherited)",
					"@executable_path/Frameworks",
				);
				PRODUCT_BUNDLE_IDENTIFIER = com.ryogo.Swift5TableView1;
				PRODUCT_NAME = "$(TARGET_NAME)";
				SWIFT_VERSION = 5.0;
				TARGETED_DEVICE_FAMILY = 1;
			};
			name = Release;
		};
/* End XCBuildConfiguration section */

/* Begin XCConfigurationList section */
		EC92EA8524343B5E0003D3C1 /* Build configuration list for PBXProject "Swift5TableView1" */ = {
			isa = XCConfigurationList;
			buildConfigurations = (
				EC92EA9C24343B5F0003D3C1 /* Debug */,
				EC92EA9D24343B5F0003D3C1 /* Release */,
			);
			defaultConfigurationIsVisible = 0;
			defaultConfigurationName = Release;
		};
		EC92EA9E24343B5F0003D3C1 /* Build configuration list for PBXNativeTarget "Swift5TableView1" */ = {
			isa = XCConfigurationList;
			buildConfigurations = (
				EC92EA9F24343B5F0003D3C1 /* Debug */,
				EC92EAA024343B5F0003D3C1 /* Release */,
			);
			defaultConfigurationIsVisible = 0;
			defaultConfigurationName = Release;
		};
/* End XCConfigurationList section */
	};
	rootObject = EC92EA8224343B5E0003D3C1 /* Project object */;
}
